// !$*UTF8*$!
{
	archiveVersion = 1;
	classes = {
	};
	objectVersion = 46;
	objects = {

/* Begin PBXBuildFile section */
		7CCCCB7CEDB34294B2189B66 /* libPods.a in Frameworks */ = {isa = PBXBuildFile; fileRef = 093D25440275404BB206284E /* libPods.a */; };
		D8C1C7AC18E98743002A408D /* Foundation.framework in Frameworks */ = {isa = PBXBuildFile; fileRef = D8C1C7AB18E98743002A408D /* Foundation.framework */; };
		D8C1C7AE18E98743002A408D /* CoreGraphics.framework in Frameworks */ = {isa = PBXBuildFile; fileRef = D8C1C7AD18E98743002A408D /* CoreGraphics.framework */; };
		D8C1C7B018E98743002A408D /* UIKit.framework in Frameworks */ = {isa = PBXBuildFile; fileRef = D8C1C7AF18E98743002A408D /* UIKit.framework */; };
		D8C1C7B618E98743002A408D /* InfoPlist.strings in Resources */ = {isa = PBXBuildFile; fileRef = D8C1C7B418E98743002A408D /* InfoPlist.strings */; };
		D8C1C7B818E98743002A408D /* main.m in Sources */ = {isa = PBXBuildFile; fileRef = D8C1C7B718E98743002A408D /* main.m */; };
		D8C1C7BC18E98743002A408D /* AppDelegate.m in Sources */ = {isa = PBXBuildFile; fileRef = D8C1C7BB18E98743002A408D /* AppDelegate.m */; };
		D8C1C7BE18E98743002A408D /* Images.xcassets in Resources */ = {isa = PBXBuildFile; fileRef = D8C1C7BD18E98743002A408D /* Images.xcassets */; };
		D8C1C7C518E98743002A408D /* XCTest.framework in Frameworks */ = {isa = PBXBuildFile; fileRef = D8C1C7C418E98743002A408D /* XCTest.framework */; };
		D8C1C7C618E98743002A408D /* Foundation.framework in Frameworks */ = {isa = PBXBuildFile; fileRef = D8C1C7AB18E98743002A408D /* Foundation.framework */; };
		D8C1C7C718E98743002A408D /* UIKit.framework in Frameworks */ = {isa = PBXBuildFile; fileRef = D8C1C7AF18E98743002A408D /* UIKit.framework */; };
		D8C1C7CF18E98743002A408D /* InfoPlist.strings in Resources */ = {isa = PBXBuildFile; fileRef = D8C1C7CD18E98743002A408D /* InfoPlist.strings */; };
		D8C1C7D118E98743002A408D /* AnimeReminderTests.m in Sources */ = {isa = PBXBuildFile; fileRef = D8C1C7D018E98743002A408D /* AnimeReminderTests.m */; };
		D8C1C7E218E988C1002A408D /* ContentBaseTableViewController.m in Sources */ = {isa = PBXBuildFile; fileRef = D8C1C7DB18E988C0002A408D /* ContentBaseTableViewController.m */; };
		D8C1C7E318E988C1002A408D /* ContentBaseViewController.m in Sources */ = {isa = PBXBuildFile; fileRef = D8C1C7DD18E988C0002A408D /* ContentBaseViewController.m */; };
		D8C1C7E418E988C1002A408D /* SlideMenu.m in Sources */ = {isa = PBXBuildFile; fileRef = D8C1C7DF18E988C0002A408D /* SlideMenu.m */; };
		D8C1C7E518E988C1002A408D /* SlideMenuItem.m in Sources */ = {isa = PBXBuildFile; fileRef = D8C1C7E118E988C1002A408D /* SlideMenuItem.m */; };
		D8C1C7EA18E98912002A408D /* UIImage+TintColor.m in Sources */ = {isa = PBXBuildFile; fileRef = D8C1C7E918E98912002A408D /* UIImage+TintColor.m */; };
/* End PBXBuildFile section */

/* Begin PBXContainerItemProxy section */
		D8C1C7C818E98743002A408D /* PBXContainerItemProxy */ = {
			isa = PBXContainerItemProxy;
			containerPortal = D8C1C7A018E98742002A408D /* Project object */;
			proxyType = 1;
			remoteGlobalIDString = D8C1C7A718E98742002A408D;
			remoteInfo = AnimeReminder;
		};
/* End PBXContainerItemProxy section */

/* Begin PBXFileReference section */
		093D25440275404BB206284E /* libPods.a */ = {isa = PBXFileReference; explicitFileType = archive.ar; includeInIndex = 0; path = libPods.a; sourceTree = BUILT_PRODUCTS_DIR; };
		90E4AE50FA7B496484BAE8D3 /* Pods.xcconfig */ = {isa = PBXFileReference; includeInIndex = 1; lastKnownFileType = text.xcconfig; name = Pods.xcconfig; path = Pods/Pods.xcconfig; sourceTree = "<group>"; };
		D8C1C7A818E98743002A408D /* AnimeReminder.app */ = {isa = PBXFileReference; explicitFileType = wrapper.application; includeInIndex = 0; path = AnimeReminder.app; sourceTree = BUILT_PRODUCTS_DIR; };
		D8C1C7AB18E98743002A408D /* Foundation.framework */ = {isa = PBXFileReference; lastKnownFileType = wrapper.framework; name = Foundation.framework; path = System/Library/Frameworks/Foundation.framework; sourceTree = SDKROOT; };
		D8C1C7AD18E98743002A408D /* CoreGraphics.framework */ = {isa = PBXFileReference; lastKnownFileType = wrapper.framework; name = CoreGraphics.framework; path = System/Library/Frameworks/CoreGraphics.framework; sourceTree = SDKROOT; };
		D8C1C7AF18E98743002A408D /* UIKit.framework */ = {isa = PBXFileReference; lastKnownFileType = wrapper.framework; name = UIKit.framework; path = System/Library/Frameworks/UIKit.framework; sourceTree = SDKROOT; };
		D8C1C7B318E98743002A408D /* AnimeReminder-Info.plist */ = {isa = PBXFileReference; lastKnownFileType = text.plist.xml; path = "AnimeReminder-Info.plist"; sourceTree = "<group>"; };
		D8C1C7B718E98743002A408D /* main.m */ = {isa = PBXFileReference; lastKnownFileType = sourcecode.c.objc; path = main.m; sourceTree = "<group>"; };
		D8C1C7B918E98743002A408D /* AnimeReminder-Prefix.pch */ = {isa = PBXFileReference; lastKnownFileType = sourcecode.c.h; path = "AnimeReminder-Prefix.pch"; sourceTree = "<group>"; };
		D8C1C7BA18E98743002A408D /* AppDelegate.h */ = {isa = PBXFileReference; lastKnownFileType = sourcecode.c.h; path = AppDelegate.h; sourceTree = "<group>"; };
		D8C1C7BB18E98743002A408D /* AppDelegate.m */ = {isa = PBXFileReference; lastKnownFileType = sourcecode.c.objc; path = AppDelegate.m; sourceTree = "<group>"; };
		D8C1C7BD18E98743002A408D /* Images.xcassets */ = {isa = PBXFileReference; lastKnownFileType = folder.assetcatalog; path = Images.xcassets; sourceTree = "<group>"; };
		D8C1C7C318E98743002A408D /* AnimeReminderTests.xctest */ = {isa = PBXFileReference; explicitFileType = wrapper.cfbundle; includeInIndex = 0; path = AnimeReminderTests.xctest; sourceTree = BUILT_PRODUCTS_DIR; };
		D8C1C7C418E98743002A408D /* XCTest.framework */ = {isa = PBXFileReference; lastKnownFileType = wrapper.framework; name = XCTest.framework; path = Library/Frameworks/XCTest.framework; sourceTree = DEVELOPER_DIR; };
		D8C1C7CC18E98743002A408D /* AnimeReminderTests-Info.plist */ = {isa = PBXFileReference; lastKnownFileType = text.plist.xml; path = "AnimeReminderTests-Info.plist"; sourceTree = "<group>"; };
		D8C1C7D018E98743002A408D /* AnimeReminderTests.m */ = {isa = PBXFileReference; lastKnownFileType = sourcecode.c.objc; path = AnimeReminderTests.m; sourceTree = "<group>"; };
		D8C1C7DA18E988C0002A408D /* ContentBaseTableViewController.h */ = {isa = PBXFileReference; fileEncoding = 4; lastKnownFileType = sourcecode.c.h; path = ContentBaseTableViewController.h; sourceTree = "<group>"; };
		D8C1C7DB18E988C0002A408D /* ContentBaseTableViewController.m */ = {isa = PBXFileReference; fileEncoding = 4; lastKnownFileType = sourcecode.c.objc; path = ContentBaseTableViewController.m; sourceTree = "<group>"; };
		D8C1C7DC18E988C0002A408D /* ContentBaseViewController.h */ = {isa = PBXFileReference; fileEncoding = 4; lastKnownFileType = sourcecode.c.h; path = ContentBaseViewController.h; sourceTree = "<group>"; };
		D8C1C7DD18E988C0002A408D /* ContentBaseViewController.m */ = {isa = PBXFileReference; fileEncoding = 4; lastKnownFileType = sourcecode.c.objc; path = ContentBaseViewController.m; sourceTree = "<group>"; };
		D8C1C7DE18E988C0002A408D /* SlideMenu.h */ = {isa = PBXFileReference; fileEncoding = 4; lastKnownFileType = sourcecode.c.h; path = SlideMenu.h; sourceTree = "<group>"; };
		D8C1C7DF18E988C0002A408D /* SlideMenu.m */ = {isa = PBXFileReference; fileEncoding = 4; lastKnownFileType = sourcecode.c.objc; path = SlideMenu.m; sourceTree = "<group>"; };
		D8C1C7E018E988C0002A408D /* SlideMenuItem.h */ = {isa = PBXFileReference; fileEncoding = 4; lastKnownFileType = sourcecode.c.h; path = SlideMenuItem.h; sourceTree = "<group>"; };
		D8C1C7E118E988C1002A408D /* SlideMenuItem.m */ = {isa = PBXFileReference; fileEncoding = 4; lastKnownFileType = sourcecode.c.objc; path = SlideMenuItem.m; sourceTree = "<group>"; };
		D8C1C7E818E98912002A408D /* UIImage+TintColor.h */ = {isa = PBXFileReference; fileEncoding = 4; lastKnownFileType = sourcecode.c.h; path = "UIImage+TintColor.h"; sourceTree = "<group>"; };
		D8C1C7E918E98912002A408D /* UIImage+TintColor.m */ = {isa = PBXFileReference; fileEncoding = 4; lastKnownFileType = sourcecode.c.objc; path = "UIImage+TintColor.m"; sourceTree = "<group>"; };
		D8C1C7EC18E98AD2002A408D /* zh-Hans */ = {isa = PBXFileReference; lastKnownFileType = text.plist.strings; name = "zh-Hans"; path = "zh-Hans.lproj/InfoPlist.strings"; sourceTree = "<group>"; };
		D8C1C7ED18E98AD2002A408D /* zh-Hans */ = {isa = PBXFileReference; lastKnownFileType = text.plist.strings; name = "zh-Hans"; path = "zh-Hans.lproj/InfoPlist.strings"; sourceTree = "<group>"; };
/* End PBXFileReference section */

/* Begin PBXFrameworksBuildPhase section */
		D8C1C7A518E98742002A408D /* Frameworks */ = {
			isa = PBXFrameworksBuildPhase;
			buildActionMask = 2147483647;
			files = (
				D8C1C7AE18E98743002A408D /* CoreGraphics.framework in Frameworks */,
				D8C1C7B018E98743002A408D /* UIKit.framework in Frameworks */,
				D8C1C7AC18E98743002A408D /* Foundation.framework in Frameworks */,
				7CCCCB7CEDB34294B2189B66 /* libPods.a in Frameworks */,
			);
			runOnlyForDeploymentPostprocessing = 0;
		};
		D8C1C7C018E98743002A408D /* Frameworks */ = {
			isa = PBXFrameworksBuildPhase;
			buildActionMask = 2147483647;
			files = (
				D8C1C7C518E98743002A408D /* XCTest.framework in Frameworks */,
				D8C1C7C718E98743002A408D /* UIKit.framework in Frameworks */,
				D8C1C7C618E98743002A408D /* Foundation.framework in Frameworks */,
			);
			runOnlyForDeploymentPostprocessing = 0;
		};
/* End PBXFrameworksBuildPhase section */

/* Begin PBXGroup section */
		D8C1C79F18E98742002A408D = {
			isa = PBXGroup;
			children = (
				D8C1C7B118E98743002A408D /* AnimeReminder */,
				D8C1C7CA18E98743002A408D /* AnimeReminderTests */,
				D8C1C7AA18E98743002A408D /* Frameworks */,
				D8C1C7A918E98743002A408D /* Products */,
				90E4AE50FA7B496484BAE8D3 /* Pods.xcconfig */,
			);
			sourceTree = "<group>";
		};
		D8C1C7A918E98743002A408D /* Products */ = {
			isa = PBXGroup;
			children = (
				D8C1C7A818E98743002A408D /* AnimeReminder.app */,
				D8C1C7C318E98743002A408D /* AnimeReminderTests.xctest */,
			);
			name = Products;
			sourceTree = "<group>";
		};
		D8C1C7AA18E98743002A408D /* Frameworks */ = {
			isa = PBXGroup;
			children = (
				D8C1C7AB18E98743002A408D /* Foundation.framework */,
				D8C1C7AD18E98743002A408D /* CoreGraphics.framework */,
				D8C1C7AF18E98743002A408D /* UIKit.framework */,
				D8C1C7C418E98743002A408D /* XCTest.framework */,
				093D25440275404BB206284E /* libPods.a */,
			);
			name = Frameworks;
			sourceTree = "<group>";
		};
		D8C1C7B118E98743002A408D /* AnimeReminder */ = {
			isa = PBXGroup;
			children = (
				D8C1C7EB18E9892A002A408D /* Categorys */,
				D8C1C7E618E988C6002A408D /* SlideMenu */,
				D8C1C7BA18E98743002A408D /* AppDelegate.h */,
				D8C1C7BB18E98743002A408D /* AppDelegate.m */,
				D8C1C7BD18E98743002A408D /* Images.xcassets */,
				D8C1C7B218E98743002A408D /* Supporting Files */,
			);
			path = AnimeReminder;
			sourceTree = "<group>";
		};
		D8C1C7B218E98743002A408D /* Supporting Files */ = {
			isa = PBXGroup;
			children = (
				D8C1C7B318E98743002A408D /* AnimeReminder-Info.plist */,
				D8C1C7B418E98743002A408D /* InfoPlist.strings */,
				D8C1C7B718E98743002A408D /* main.m */,
				D8C1C7B918E98743002A408D /* AnimeReminder-Prefix.pch */,
			);
			name = "Supporting Files";
			sourceTree = "<group>";
		};
		D8C1C7CA18E98743002A408D /* AnimeReminderTests */ = {
			isa = PBXGroup;
			children = (
				D8C1C7D018E98743002A408D /* AnimeReminderTests.m */,
				D8C1C7CB18E98743002A408D /* Supporting Files */,
			);
			path = AnimeReminderTests;
			sourceTree = "<group>";
		};
		D8C1C7CB18E98743002A408D /* Supporting Files */ = {
			isa = PBXGroup;
			children = (
				D8C1C7CC18E98743002A408D /* AnimeReminderTests-Info.plist */,
				D8C1C7CD18E98743002A408D /* InfoPlist.strings */,
			);
			name = "Supporting Files";
			sourceTree = "<group>";
		};
		D8C1C7E618E988C6002A408D /* SlideMenu */ = {
			isa = PBXGroup;
			children = (
				D8C1C7E718E988D4002A408D /* Controllers */,
				D8C1C7DE18E988C0002A408D /* SlideMenu.h */,
				D8C1C7DF18E988C0002A408D /* SlideMenu.m */,
				D8C1C7E018E988C0002A408D /* SlideMenuItem.h */,
				D8C1C7E118E988C1002A408D /* SlideMenuItem.m */,
			);
			name = SlideMenu;
			sourceTree = "<group>";
		};
		D8C1C7E718E988D4002A408D /* Controllers */ = {
			isa = PBXGroup;
			children = (
				D8C1C7DA18E988C0002A408D /* ContentBaseTableViewController.h */,
				D8C1C7DB18E988C0002A408D /* ContentBaseTableViewController.m */,
				D8C1C7DC18E988C0002A408D /* ContentBaseViewController.h */,
				D8C1C7DD18E988C0002A408D /* ContentBaseViewController.m */,
			);
			name = Controllers;
			sourceTree = "<group>";
		};
		D8C1C7EB18E9892A002A408D /* Categorys */ = {
			isa = PBXGroup;
			children = (
				D8C1C7E818E98912002A408D /* UIImage+TintColor.h */,
				D8C1C7E918E98912002A408D /* UIImage+TintColor.m */,
			);
			name = Categorys;
			sourceTree = "<group>";
		};
/* End PBXGroup section */

/* Begin PBXNativeTarget section */
		D8C1C7A718E98742002A408D /* AnimeReminder */ = {
			isa = PBXNativeTarget;
			buildConfigurationList = D8C1C7D418E98743002A408D /* Build configuration list for PBXNativeTarget "AnimeReminder" */;
			buildPhases = (
				E241E24765714FA6921C7E51 /* Check Pods Manifest.lock */,
				D8C1C7A418E98742002A408D /* Sources */,
				D8C1C7A518E98742002A408D /* Frameworks */,
				D8C1C7A618E98742002A408D /* Resources */,
				F1B5AA7921D64814AF88430F /* Copy Pods Resources */,
			);
			buildRules = (
			);
			dependencies = (
			);
			name = AnimeReminder;
			productName = AnimeReminder;
			productReference = D8C1C7A818E98743002A408D /* AnimeReminder.app */;
			productType = "com.apple.product-type.application";
		};
		D8C1C7C218E98743002A408D /* AnimeReminderTests */ = {
			isa = PBXNativeTarget;
			buildConfigurationList = D8C1C7D718E98743002A408D /* Build configuration list for PBXNativeTarget "AnimeReminderTests" */;
			buildPhases = (
				D8C1C7BF18E98743002A408D /* Sources */,
				D8C1C7C018E98743002A408D /* Frameworks */,
				D8C1C7C118E98743002A408D /* Resources */,
			);
			buildRules = (
			);
			dependencies = (
				D8C1C7C918E98743002A408D /* PBXTargetDependency */,
			);
			name = AnimeReminderTests;
			productName = AnimeReminderTests;
			productReference = D8C1C7C318E98743002A408D /* AnimeReminderTests.xctest */;
			productType = "com.apple.product-type.bundle.unit-test";
		};
/* End PBXNativeTarget section */

/* Begin PBXProject section */
		D8C1C7A018E98742002A408D /* Project object */ = {
			isa = PBXProject;
			attributes = {
				LastUpgradeCheck = 0510;
				ORGANIZATIONNAME = Madimo;
				TargetAttributes = {
					D8C1C7C218E98743002A408D = {
						TestTargetID = D8C1C7A718E98742002A408D;
					};
				};
			};
			buildConfigurationList = D8C1C7A318E98742002A408D /* Build configuration list for PBXProject "AnimeReminder" */;
			compatibilityVersion = "Xcode 3.2";
			developmentRegion = English;
			hasScannedForEncodings = 0;
			knownRegions = (
				en,
				"zh-Hans",
			);
			mainGroup = D8C1C79F18E98742002A408D;
			productRefGroup = D8C1C7A918E98743002A408D /* Products */;
			projectDirPath = "";
			projectRoot = "";
			targets = (
				D8C1C7A718E98742002A408D /* AnimeReminder */,
				D8C1C7C218E98743002A408D /* AnimeReminderTests */,
			);
		};
/* End PBXProject section */

/* Begin PBXResourcesBuildPhase section */
		D8C1C7A618E98742002A408D /* Resources */ = {
			isa = PBXResourcesBuildPhase;
			buildActionMask = 2147483647;
			files = (
				D8C1C7B618E98743002A408D /* InfoPlist.strings in Resources */,
				D8C1C7BE18E98743002A408D /* Images.xcassets in Resources */,
			);
			runOnlyForDeploymentPostprocessing = 0;
		};
		D8C1C7C118E98743002A408D /* Resources */ = {
			isa = PBXResourcesBuildPhase;
			buildActionMask = 2147483647;
			files = (
				D8C1C7CF18E98743002A408D /* InfoPlist.strings in Resources */,
			);
			runOnlyForDeploymentPostprocessing = 0;
		};
/* End PBXResourcesBuildPhase section */

/* Begin PBXShellScriptBuildPhase section */
		E241E24765714FA6921C7E51 /* Check Pods Manifest.lock */ = {
			isa = PBXShellScriptBuildPhase;
			buildActionMask = 2147483647;
			files = (
			);
			inputPaths = (
			);
			name = "Check Pods Manifest.lock";
			outputPaths = (
			);
			runOnlyForDeploymentPostprocessing = 0;
			shellPath = /bin/sh;
			shellScript = "diff \"${PODS_ROOT}/../Podfile.lock\" \"${PODS_ROOT}/Manifest.lock\" > /dev/null\nif [[ $? != 0 ]] ; then\n    cat << EOM\nerror: The sandbox is not in sync with the Podfile.lock. Run 'pod install' or update your CocoaPods installation.\nEOM\n    exit 1\nfi\n";
			showEnvVarsInLog = 0;
		};
		F1B5AA7921D64814AF88430F /* Copy Pods Resources */ = {
			isa = PBXShellScriptBuildPhase;
			buildActionMask = 2147483647;
			files = (
			);
			inputPaths = (
			);
			name = "Copy Pods Resources";
			outputPaths = (
			);
			runOnlyForDeploymentPostprocessing = 0;
			shellPath = /bin/sh;
			shellScript = "\"${SRCROOT}/Pods/Pods-resources.sh\"\n";
			showEnvVarsInLog = 0;
		};
/* End PBXShellScriptBuildPhase section */

/* Begin PBXSourcesBuildPhase section */
		D8C1C7A418E98742002A408D /* Sources */ = {
			isa = PBXSourcesBuildPhase;
			buildActionMask = 2147483647;
			files = (
				D8C1C7BC18E98743002A408D /* AppDelegate.m in Sources */,
				D8C1C7B818E98743002A408D /* main.m in Sources */,
				D8C1C7E218E988C1002A408D /* ContentBaseTableViewController.m in Sources */,
				D8C1C7E318E988C1002A408D /* ContentBaseViewController.m in Sources */,
				D8C1C7EA18E98912002A408D /* UIImage+TintColor.m in Sources */,
				D8C1C7E418E988C1002A408D /* SlideMenu.m in Sources */,
				D8C1C7E518E988C1002A408D /* SlideMenuItem.m in Sources */,
			);
			runOnlyForDeploymentPostprocessing = 0;
		};
		D8C1C7BF18E98743002A408D /* Sources */ = {
			isa = PBXSourcesBuildPhase;
			buildActionMask = 2147483647;
			files = (
				D8C1C7D118E98743002A408D /* AnimeReminderTests.m in Sources */,
			);
			runOnlyForDeploymentPostprocessing = 0;
		};
/* End PBXSourcesBuildPhase section */

/* Begin PBXTargetDependency section */
		D8C1C7C918E98743002A408D /* PBXTargetDependency */ = {
			isa = PBXTargetDependency;
			target = D8C1C7A718E98742002A408D /* AnimeReminder */;
			targetProxy = D8C1C7C818E98743002A408D /* PBXContainerItemProxy */;
		};
/* End PBXTargetDependency section */

/* Begin PBXVariantGroup section */
		D8C1C7B418E98743002A408D /* InfoPlist.strings */ = {
			isa = PBXVariantGroup;
			children = (
				D8C1C7EC18E98AD2002A408D /* zh-Hans */,
			);
			name = InfoPlist.strings;
			sourceTree = "<group>";
		};
		D8C1C7CD18E98743002A408D /* InfoPlist.strings */ = {
			isa = PBXVariantGroup;
			children = (
				D8C1C7ED18E98AD2002A408D /* zh-Hans */,
			);
			name = InfoPlist.strings;
			sourceTree = "<group>";
		};
/* End PBXVariantGroup section */

/* Begin XCBuildConfiguration section */
		D8C1C7D218E98743002A408D /* Debug */ = {
			isa = XCBuildConfiguration;
			buildSettings = {
				ALWAYS_SEARCH_USER_PATHS = NO;
				CLANG_CXX_LANGUAGE_STANDARD = "gnu++0x";
				CLANG_CXX_LIBRARY = "libc++";
				CLANG_ENABLE_MODULES = YES;
				CLANG_ENABLE_OBJC_ARC = YES;
				CLANG_WARN_BOOL_CONVERSION = YES;
				CLANG_WARN_CONSTANT_CONVERSION = YES;
				CLANG_WARN_DIRECT_OBJC_ISA_USAGE = YES_ERROR;
				CLANG_WARN_EMPTY_BODY = YES;
				CLANG_WARN_ENUM_CONVERSION = YES;
				CLANG_WARN_INT_CONVERSION = YES;
				CLANG_WARN_OBJC_ROOT_CLASS = YES_ERROR;
				CLANG_WARN__DUPLICATE_METHOD_MATCH = YES;
				"CODE_SIGN_IDENTITY[sdk=iphoneos*]" = "iPhone Developer";
				COPY_PHASE_STRIP = NO;
				GCC_C_LANGUAGE_STANDARD = gnu99;
				GCC_DYNAMIC_NO_PIC = NO;
				GCC_OPTIMIZATION_LEVEL = 0;
				GCC_PREPROCESSOR_DEFINITIONS = (
					"DEBUG=1",
					"$(inherited)",
				);
				GCC_SYMBOLS_PRIVATE_EXTERN = NO;
				GCC_WARN_64_TO_32_BIT_CONVERSION = YES;
				GCC_WARN_ABOUT_RETURN_TYPE = YES_ERROR;
				GCC_WARN_UNDECLARED_SELECTOR = YES;
				GCC_WARN_UNINITIALIZED_AUTOS = YES_AGGRESSIVE;
				GCC_WARN_UNUSED_FUNCTION = YES;
				GCC_WARN_UNUSED_VARIABLE = YES;
				IPHONEOS_DEPLOYMENT_TARGET = 7.0;
				ONLY_ACTIVE_ARCH = YES;
				SDKROOT = iphoneos;
			};
			name = Debug;
		};
		D8C1C7D318E98743002A408D /* Release */ = {
			isa = XCBuildConfiguration;
			buildSettings = {
				ALWAYS_SEARCH_USER_PATHS = NO;
				CLANG_CXX_LANGUAGE_STANDARD = "gnu++0x";
				CLANG_CXX_LIBRARY = "libc++";
				CLANG_ENABLE_MODULES = YES;
				CLANG_ENABLE_OBJC_ARC = YES;
				CLANG_WARN_BOOL_CONVERSION = YES;
				CLANG_WARN_CONSTANT_CONVERSION = YES;
				CLANG_WARN_DIRECT_OBJC_ISA_USAGE = YES_ERROR;
				CLANG_WARN_EMPTY_BODY = YES;
				CLANG_WARN_ENUM_CONVERSION = YES;
				CLANG_WARN_INT_CONVERSION = YES;
				CLANG_WARN_OBJC_ROOT_CLASS = YES_ERROR;
				CLANG_WARN__DUPLICATE_METHOD_MATCH = YES;
				"CODE_SIGN_IDENTITY[sdk=iphoneos*]" = "iPhone Developer";
				COPY_PHASE_STRIP = YES;
				ENABLE_NS_ASSERTIONS = NO;
				GCC_C_LANGUAGE_STANDARD = gnu99;
				GCC_WARN_64_TO_32_BIT_CONVERSION = YES;
				GCC_WARN_ABOUT_RETURN_TYPE = YES_ERROR;
				GCC_WARN_UNDECLARED_SELECTOR = YES;
				GCC_WARN_UNINITIALIZED_AUTOS = YES_AGGRESSIVE;
				GCC_WARN_UNUSED_FUNCTION = YES;
				GCC_WARN_UNUSED_VARIABLE = YES;
				IPHONEOS_DEPLOYMENT_TARGET = 7.0;
				SDKROOT = iphoneos;
				VALIDATE_PRODUCT = YES;
			};
			name = Release;
		};
		D8C1C7D518E98743002A408D /* Debug */ = {
			isa = XCBuildConfiguration;
			baseConfigurationReference = 90E4AE50FA7B496484BAE8D3 /* Pods.xcconfig */;
			buildSettings = {
				ASSETCATALOG_COMPILER_APPICON_NAME = AppIcon;
				ASSETCATALOG_COMPILER_LAUNCHIMAGE_NAME = LaunchImage;
				GCC_PRECOMPILE_PREFIX_HEADER = YES;
				GCC_PREFIX_HEADER = "AnimeReminder/AnimeReminder-Prefix.pch";
				INFOPLIST_FILE = "AnimeReminder/AnimeReminder-Info.plist";
				PRODUCT_NAME = "$(TARGET_NAME)";
				WRAPPER_EXTENSION = app;
			};
			name = Debug;
		};
		D8C1C7D618E98743002A408D /* Release */ = {
			isa = XCBuildConfiguration;
			baseConfigurationReference = 90E4AE50FA7B496484BAE8D3 /* Pods.xcconfig */;
			buildSettings = {
				ASSETCATALOG_COMPILER_APPICON_NAME = AppIcon;
				ASSETCATALOG_COMPILER_LAUNCHIMAGE_NAME = LaunchImage;
				GCC_PRECOMPILE_PREFIX_HEADER = YES;
				GCC_PREFIX_HEADER = "AnimeReminder/AnimeReminder-Prefix.pch";
				INFOPLIST_FILE = "AnimeReminder/AnimeReminder-Info.plist";
				PRODUCT_NAME = "$(TARGET_NAME)";
				WRAPPER_EXTENSION = app;
			};
			name = Release;
		};
		D8C1C7D818E98743002A408D /* Debug */ = {
			isa = XCBuildConfiguration;
			buildSettings = {
				BUNDLE_LOADER = "$(BUILT_PRODUCTS_DIR)/AnimeReminder.app/AnimeReminder";
				FRAMEWORK_SEARCH_PATHS = (
					"$(SDKROOT)/Developer/Library/Frameworks",
					"$(inherited)",
					"$(DEVELOPER_FRAMEWORKS_DIR)",
				);
				GCC_PRECOMPILE_PREFIX_HEADER = YES;
				GCC_PREFIX_HEADER = "AnimeReminder/AnimeReminder-Prefix.pch";
				GCC_PREPROCESSOR_DEFINITIONS = (
					"DEBUG=1",
					"$(inherited)",
				);
				INFOPLIST_FILE = "AnimeReminderTests/AnimeReminderTests-Info.plist";
				PRODUCT_NAME = "$(TARGET_NAME)";
				TEST_HOST = "$(BUNDLE_LOADER)";
				WRAPPER_EXTENSION = xctest;
			};
			name = Debug;
		};
		D8C1C7D918E98743002A408D /* Release */ = {
			isa = XCBuildConfiguration;
			buildSettings = {
				BUNDLE_LOADER = "$(BUILT_PRODUCTS_DIR)/AnimeReminder.app/AnimeReminder";
				FRAMEWORK_SEARCH_PATHS = (
					"$(SDKROOT)/Developer/Library/Frameworks",
					"$(inherited)",
					"$(DEVELOPER_FRAMEWORKS_DIR)",
				);
				GCC_PRECOMPILE_PREFIX_HEADER = YES;
				GCC_PREFIX_HEADER = "AnimeReminder/AnimeReminder-Prefix.pch";
				INFOPLIST_FILE = "AnimeReminderTests/AnimeReminderTests-Info.plist";
				PRODUCT_NAME = "$(TARGET_NAME)";
				TEST_HOST = "$(BUNDLE_LOADER)";
				WRAPPER_EXTENSION = xctest;
			};
			name = Release;
		};
/* End XCBuildConfiguration section */

/* Begin XCConfigurationList section */
		D8C1C7A318E98742002A408D /* Build configuration list for PBXProject "AnimeReminder" */ = {
			isa = XCConfigurationList;
			buildConfigurations = (
				D8C1C7D218E98743002A408D /* Debug */,
				D8C1C7D318E98743002A408D /* Release */,
			);
			defaultConfigurationIsVisible = 0;
			defaultConfigurationName = Release;
		};
		D8C1C7D418E98743002A408D /* Build configuration list for PBXNativeTarget "AnimeReminder" */ = {
			isa = XCConfigurationList;
			buildConfigurations = (
				D8C1C7D518E98743002A408D /* Debug */,
				D8C1C7D618E98743002A408D /* Release */,
			);
			defaultConfigurationIsVisible = 0;
			defaultConfigurationName = Release;
		};
		D8C1C7D718E98743002A408D /* Build configuration list for PBXNativeTarget "AnimeReminderTests" */ = {
			isa = XCConfigurationList;
			buildConfigurations = (
				D8C1C7D818E98743002A408D /* Debug */,
				D8C1C7D918E98743002A408D /* Release */,
			);
			defaultConfigurationIsVisible = 0;
			defaultConfigurationName = Release;
		};
/* End XCConfigurationList section */
	};
	rootObject = D8C1C7A018E98742002A408D /* Project object */;
}
